// !$*UTF8*$!
{
	archiveVersion = 1;
	classes = {
	};
	objectVersion = 50;
	objects = {

/* Begin PBXBuildFile section */
		C26D55E2217E0F3D00A48479 /* sdmTriggerNode.swift in Sources */ = {isa = PBXBuildFile; fileRef = C26D55E1217E0F3D00A48479 /* sdmTriggerNode.swift */; };
		C26D55E4217E168500A48479 /* sdmGame.swift in Sources */ = {isa = PBXBuildFile; fileRef = C26D55E3217E168500A48479 /* sdmGame.swift */; };
		C26D55E7217E2A7200A48479 /* sdmSceneKit-ext.swift in Sources */ = {isa = PBXBuildFile; fileRef = C26D55E6217E2A7100A48479 /* sdmSceneKit-ext.swift */; };
		C26D55E9217E2E1400A48479 /* sdmGameController.swift in Sources */ = {isa = PBXBuildFile; fileRef = C26D55E8217E2E1400A48479 /* sdmGameController.swift */; };
		C2CA5112217B450F00184EF4 /* sdmAppDelegate.swift in Sources */ = {isa = PBXBuildFile; fileRef = C2CA5111217B450F00184EF4 /* sdmAppDelegate.swift */; };
		C2CA5114217B450F00184EF4 /* art.scnassets in Resources */ = {isa = PBXBuildFile; fileRef = C2CA5113217B450F00184EF4 /* art.scnassets */; };
		C2CA511B217B451100184EF4 /* Assets.xcassets in Resources */ = {isa = PBXBuildFile; fileRef = C2CA511A217B451100184EF4 /* Assets.xcassets */; };
		C2CA511E217B451100184EF4 /* LaunchScreen.storyboard in Resources */ = {isa = PBXBuildFile; fileRef = C2CA511C217B451100184EF4 /* LaunchScreen.storyboard */; };
		C2CA512B217B463C00184EF4 /* sdmGameView.swift in Sources */ = {isa = PBXBuildFile; fileRef = C2CA512A217B463C00184EF4 /* sdmGameView.swift */; };
/* End PBXBuildFile section */

/* Begin PBXFileReference section */
		C26D55E1217E0F3D00A48479 /* sdmTriggerNode.swift */ = {isa = PBXFileReference; lastKnownFileType = sourcecode.swift; path = sdmTriggerNode.swift; sourceTree = "<group>"; };
		C26D55E3217E168500A48479 /* sdmGame.swift */ = {isa = PBXFileReference; lastKnownFileType = sourcecode.swift; path = sdmGame.swift; sourceTree = "<group>"; };
		C26D55E6217E2A7100A48479 /* sdmSceneKit-ext.swift */ = {isa = PBXFileReference; lastKnownFileType = sourcecode.swift; path = "sdmSceneKit-ext.swift"; sourceTree = "<group>"; };
		C26D55E8217E2E1400A48479 /* sdmGameController.swift */ = {isa = PBXFileReference; lastKnownFileType = sourcecode.swift; path = sdmGameController.swift; sourceTree = "<group>"; };
		C2CA510E217B450F00184EF4 /* Triggers.app */ = {isa = PBXFileReference; explicitFileType = wrapper.application; includeInIndex = 0; path = Triggers.app; sourceTree = BUILT_PRODUCTS_DIR; };
		C2CA5111217B450F00184EF4 /* sdmAppDelegate.swift */ = {isa = PBXFileReference; lastKnownFileType = sourcecode.swift; path = sdmAppDelegate.swift; sourceTree = "<group>"; };
		C2CA5113217B450F00184EF4 /* art.scnassets */ = {isa = PBXFileReference; lastKnownFileType = wrapper.scnassets; path = art.scnassets; sourceTree = "<group>"; };
		C2CA511A217B451100184EF4 /* Assets.xcassets */ = {isa = PBXFileReference; lastKnownFileType = folder.assetcatalog; path = Assets.xcassets; sourceTree = "<group>"; };
		C2CA511D217B451100184EF4 /* Base */ = {isa = PBXFileReference; lastKnownFileType = file.storyboard; name = Base; path = Base.lproj/LaunchScreen.storyboard; sourceTree = "<group>"; };
		C2CA511F217B451100184EF4 /* Info.plist */ = {isa = PBXFileReference; lastKnownFileType = text.plist.xml; path = Info.plist; sourceTree = "<group>"; };
		C2CA512A217B463C00184EF4 /* sdmGameView.swift */ = {isa = PBXFileReference; lastKnownFileType = sourcecode.swift; path = sdmGameView.swift; sourceTree = "<group>"; };
/* End PBXFileReference section */

/* Begin PBXFrameworksBuildPhase section */
		C2CA510B217B450F00184EF4 /* Frameworks */ = {
			isa = PBXFrameworksBuildPhase;
			buildActionMask = 2147483647;
			files = (
			);
			runOnlyForDeploymentPostprocessing = 0;
		};
/* End PBXFrameworksBuildPhase section */

/* Begin PBXGroup section */
		C26D55E5217E228E00A48479 /* Game */ = {
			isa = PBXGroup;
			children = (
				C26D55E3217E168500A48479 /* sdmGame.swift */,
				C26D55E1217E0F3D00A48479 /* sdmTriggerNode.swift */,
			);
			path = Game;
			sourceTree = "<group>";
		};
		C2CA5105217B450F00184EF4 = {
			isa = PBXGroup;
			children = (
				C2CA5110217B450F00184EF4 /* Triggers */,
				C2CA510F217B450F00184EF4 /* Products */,
			);
			sourceTree = "<group>";
		};
		C2CA510F217B450F00184EF4 /* Products */ = {
			isa = PBXGroup;
			children = (
				C2CA510E217B450F00184EF4 /* Triggers.app */,
			);
			name = Products;
			sourceTree = "<group>";
		};
		C2CA5110217B450F00184EF4 /* Triggers */ = {
			isa = PBXGroup;
			children = (
				C2CA5111217B450F00184EF4 /* sdmAppDelegate.swift */,
				C2CA5125217B452000184EF4 /* Class */,
				C2CA5113217B450F00184EF4 /* art.scnassets */,
				C2CA511A217B451100184EF4 /* Assets.xcassets */,
				C2CA511C217B451100184EF4 /* LaunchScreen.storyboard */,
				C2CA511F217B451100184EF4 /* Info.plist */,
			);
			path = Triggers;
			sourceTree = "<group>";
		};
		C2CA5125217B452000184EF4 /* Class */ = {
			isa = PBXGroup;
			children = (
				C26D55E5217E228E00A48479 /* Game */,
				C2CA512C217B497700184EF4 /* Extension */,
				C2CA5126217B45EE00184EF4 /* Controller */,
				C2CA5127217B45F800184EF4 /* View */,
			);
			path = Class;
			sourceTree = "<group>";
		};
		C2CA5126217B45EE00184EF4 /* Controller */ = {
			isa = PBXGroup;
			children = (
				C26D55E8217E2E1400A48479 /* sdmGameController.swift */,
			);
			path = Controller;
			sourceTree = "<group>";
		};
		C2CA5127217B45F800184EF4 /* View */ = {
			isa = PBXGroup;
			children = (
				C2CA512A217B463C00184EF4 /* sdmGameView.swift */,
			);
			path = View;
			sourceTree = "<group>";
		};
		C2CA512C217B497700184EF4 /* Extension */ = {
			isa = PBXGroup;
			children = (
				C26D55E6217E2A7100A48479 /* sdmSceneKit-ext.swift */,
			);
			path = Extension;
			sourceTree = "<group>";
		};
/* End PBXGroup section */

/* Begin PBXNativeTarget section */
		C2CA510D217B450F00184EF4 /* Triggers */ = {
			isa = PBXNativeTarget;
			buildConfigurationList = C2CA5122217B451100184EF4 /* Build configuration list for PBXNativeTarget "Triggers" */;
			buildPhases = (
				C2CA510A217B450F00184EF4 /* Sources */,
				C2CA510B217B450F00184EF4 /* Frameworks */,
				C2CA510C217B450F00184EF4 /* Resources */,
			);
			buildRules = (
			);
			dependencies = (
			);
			name = Triggers;
			productName = Triggers;
			productReference = C2CA510E217B450F00184EF4 /* Triggers.app */;
			productType = "com.apple.product-type.application";
		};
/* End PBXNativeTarget section */

/* Begin PBXProject section */
		C2CA5106217B450F00184EF4 /* Project object */ = {
			isa = PBXProject;
			attributes = {
				LastSwiftUpdateCheck = 1000;
				LastUpgradeCheck = 1000;
				ORGANIZATIONNAME = "Peter Spencer";
				TargetAttributes = {
					C2CA510D217B450F00184EF4 = {
						CreatedOnToolsVersion = 10.0;
					};
				};
			};
			buildConfigurationList = C2CA5109217B450F00184EF4 /* Build configuration list for PBXProject "Triggers" */;
			compatibilityVersion = "Xcode 9.3";
			developmentRegion = en;
			hasScannedForEncodings = 0;
			knownRegions = (
				en,
				Base,
			);
			mainGroup = C2CA5105217B450F00184EF4;
			productRefGroup = C2CA510F217B450F00184EF4 /* Products */;
			projectDirPath = "";
			projectRoot = "";
			targets = (
				C2CA510D217B450F00184EF4 /* Triggers */,
			);
		};
/* End PBXProject section */

/* Begin PBXResourcesBuildPhase section */
		C2CA510C217B450F00184EF4 /* Resources */ = {
			isa = PBXResourcesBuildPhase;
			buildActionMask = 2147483647;
			files = (
				C2CA5114217B450F00184EF4 /* art.scnassets in Resources */,
				C2CA511E217B451100184EF4 /* LaunchScreen.storyboard in Resources */,
				C2CA511B217B451100184EF4 /* Assets.xcassets in Resources */,
			);
			runOnlyForDeploymentPostprocessing = 0;
		};
/* End PBXResourcesBuildPhase section */

/* Begin PBXSourcesBuildPhase section */
		C2CA510A217B450F00184EF4 /* Sources */ = {
			isa = PBXSourcesBuildPhase;
			buildActionMask = 2147483647;
			files = (
				C26D55E4217E168500A48479 /* sdmGame.swift in Sources */,
				C2CA512B217B463C00184EF4 /* sdmGameView.swift in Sources */,
				C26D55E9217E2E1400A48479 /* sdmGameController.swift in Sources */,
				C26D55E2217E0F3D00A48479 /* sdmTriggerNode.swift in Sources */,
				C2CA5112217B450F00184EF4 /* sdmAppDelegate.swift in Sources */,
				C26D55E7217E2A7200A48479 /* sdmSceneKit-ext.swift in Sources */,
			);
			runOnlyForDeploymentPostprocessing = 0;
		};
/* End PBXSourcesBuildPhase section */

/* Begin PBXVariantGroup section */
		C2CA511C217B451100184EF4 /* LaunchScreen.storyboard */ = {
			isa = PBXVariantGroup;
			children = (
				C2CA511D217B451100184EF4 /* Base */,
			);
			name = LaunchScreen.storyboard;
			sourceTree = "<group>";
		};
/* End PBXVariantGroup section */

/* Begin XCBuildConfiguration section */
		C2CA5120217B451100184EF4 /* Debug */ = {
			isa = XCBuildConfiguration;
			buildSettings = {
				ALWAYS_SEARCH_USER_PATHS = NO;
				CLANG_ANALYZER_NONNULL = YES;
				CLANG_ANALYZER_NUMBER_OBJECT_CONVERSION = YES_AGGRESSIVE;
				CLANG_CXX_LANGUAGE_STANDARD = "gnu++14";
				CLANG_CXX_LIBRARY = "libc++";
				CLANG_ENABLE_MODULES = YES;
				CLANG_ENABLE_OBJC_ARC = YES;
				CLANG_ENABLE_OBJC_WEAK = YES;
				CLANG_WARN_BLOCK_CAPTURE_AUTORELEASING = YES;
				CLANG_WARN_BOOL_CONVERSION = YES;
				CLANG_WARN_COMMA = YES;
				CLANG_WARN_CONSTANT_CONVERSION = YES;
				CLANG_WARN_DEPRECATED_OBJC_IMPLEMENTATIONS = YES;
				CLANG_WARN_DIRECT_OBJC_ISA_USAGE = YES_ERROR;
				CLANG_WARN_DOCUMENTATION_COMMENTS = YES;
				CLANG_WARN_EMPTY_BODY = YES;
				CLANG_WARN_ENUM_CONVERSION = YES;
				CLANG_WARN_INFINITE_RECURSION = YES;
				CLANG_WARN_INT_CONVERSION = YES;
				CLANG_WARN_NON_LITERAL_NULL_CONVERSION = YES;
				CLANG_WARN_OBJC_IMPLICIT_RETAIN_SELF = YES;
				CLANG_WARN_OBJC_LITERAL_CONVERSION = YES;
				CLANG_WARN_OBJC_ROOT_CLASS = YES_ERROR;
				CLANG_WARN_RANGE_LOOP_ANALYSIS = YES;
				CLANG_WARN_STRICT_PROTOTYPES = YES;
				CLANG_WARN_SUSPICIOUS_MOVE = YES;
				CLANG_WARN_UNGUARDED_AVAILABILITY = YES_AGGRESSIVE;
				CLANG_WARN_UNREACHABLE_CODE = YES;
				CLANG_WARN__DUPLICATE_METHOD_MATCH = YES;
				CODE_SIGN_IDENTITY = "iPhone Developer";
				COPY_PHASE_STRIP = NO;
				DEBUG_INFORMATION_FORMAT = dwarf;
				ENABLE_STRICT_OBJC_MSGSEND = YES;
				ENABLE_TESTABILITY = YES;
				GCC_C_LANGUAGE_STANDARD = gnu11;
				GCC_DYNAMIC_NO_PIC = NO;
				GCC_NO_COMMON_BLOCKS = YES;
				GCC_OPTIMIZATION_LEVEL = 0;
				GCC_PREPROCESSOR_DEFINITIONS = (
					"DEBUG=1",
					"$(inherited)",
				);
				GCC_WARN_64_TO_32_BIT_CONVERSION = YES;
				GCC_WARN_ABOUT_RETURN_TYPE = YES_ERROR;
				GCC_WARN_UNDECLARED_SELECTOR = YES;
				GCC_WARN_UNINITIALIZED_AUTOS = YES_AGGRESSIVE;
				GCC_WARN_UNUSED_FUNCTION = YES;
				GCC_WARN_UNUSED_VARIABLE = YES;
				IPHONEOS_DEPLOYMENT_TARGET = 12.0;
				MTL_ENABLE_DEBUG_INFO = INCLUDE_SOURCE;
				MTL_FAST_MATH = YES;
				ONLY_ACTIVE_ARCH = YES;
				SDKROOT = iphoneos;
				SWIFT_ACTIVE_COMPILATION_CONDITIONS = DEBUG;
				SWIFT_OPTIMIZATION_LEVEL = "-Onone";
			};
			name = Debug;
		};
		C2CA5121217B451100184EF4 /* Release */ = {
			isa = XCBuildConfiguration;
			buildSettings = {
				ALWAYS_SEARCH_USER_PATHS = NO;
				CLANG_ANALYZER_NONNULL = YES;
				CLANG_ANALYZER_NUMBER_OBJECT_CONVERSION = YES_AGGRESSIVE;
				CLANG_CXX_LANGUAGE_STANDARD = "gnu++14";
				CLANG_CXX_LIBRARY = "libc++";
				CLANG_ENABLE_MODULES = YES;
				CLANG_ENABLE_OBJC_ARC = YES;
				CLANG_ENABLE_OBJC_WEAK = YES;
				CLANG_WARN_BLOCK_CAPTURE_AUTORELEASING = YES;
				CLANG_WARN_BOOL_CONVERSION = YES;
				CLANG_WARN_COMMA = YES;
				CLANG_WARN_CONSTANT_CONVERSION = YES;
				CLANG_WARN_DEPRECATED_OBJC_IMPLEMENTATIONS = YES;
				CLANG_WARN_DIRECT_OBJC_ISA_USAGE = YES_ERROR;
				CLANG_WARN_DOCUMENTATION_COMMENTS = YES;
				CLANG_WARN_EMPTY_BODY = YES;
				CLANG_WARN_ENUM_CONVERSION = YES;
				CLANG_WARN_INFINITE_RECURSION = YES;
				CLANG_WARN_INT_CONVERSION = YES;
				CLANG_WARN_NON_LITERAL_NULL_CONVERSION = YES;
				CLANG_WARN_OBJC_IMPLICIT_RETAIN_SELF = YES;
				CLANG_WARN_OBJC_LITERAL_CONVERSION = YES;
				CLANG_WARN_OBJC_ROOT_CLASS = YES_ERROR;
				CLANG_WARN_RANGE_LOOP_ANALYSIS = YES;
				CLANG_WARN_STRICT_PROTOTYPES = YES;
				CLANG_WARN_SUSPICIOUS_MOVE = YES;
				CLANG_WARN_UNGUARDED_AVAILABILITY = YES_AGGRESSIVE;
				CLANG_WARN_UNREACHABLE_CODE = YES;
				CLANG_WARN__DUPLICATE_METHOD_MATCH = YES;
				CODE_SIGN_IDENTITY = "iPhone Developer";
				COPY_PHASE_STRIP = NO;
				DEBUG_INFORMATION_FORMAT = "dwarf-with-dsym";
				ENABLE_NS_ASSERTIONS = NO;
				ENABLE_STRICT_OBJC_MSGSEND = YES;
				GCC_C_LANGUAGE_STANDARD = gnu11;
				GCC_NO_COMMON_BLOCKS = YES;
				GCC_WARN_64_TO_32_BIT_CONVERSION = YES;
				GCC_WARN_ABOUT_RETURN_TYPE = YES_ERROR;
				GCC_WARN_UNDECLARED_SELECTOR = YES;
				GCC_WARN_UNINITIALIZED_AUTOS = YES_AGGRESSIVE;
				GCC_WARN_UNUSED_FUNCTION = YES;
				GCC_WARN_UNUSED_VARIABLE = YES;
				IPHONEOS_DEPLOYMENT_TARGET = 12.0;
				MTL_ENABLE_DEBUG_INFO = NO;
				MTL_FAST_MATH = YES;
				SDKROOT = iphoneos;
				SWIFT_COMPILATION_MODE = wholemodule;
				SWIFT_OPTIMIZATION_LEVEL = "-O";
				VALIDATE_PRODUCT = YES;
			};
			name = Release;
		};
		C2CA5123217B451100184EF4 /* Debug */ = {
			isa = XCBuildConfiguration;
			buildSettings = {
				ASSETCATALOG_COMPILER_APPICON_NAME = AppIcon;
				CODE_SIGN_STYLE = Automatic;
				DEVELOPMENT_TEAM = 94M3Z6LE6G;
				INFOPLIST_FILE = Triggers/Info.plist;
				LD_RUNPATH_SEARCH_PATHS = (
					"$(inherited)",
					"@executable_path/Frameworks",
				);
				PRODUCT_BUNDLE_IDENTIFIER = "com.spencers-dm.Triggers";
				PRODUCT_NAME = "$(TARGET_NAME)";
				SWIFT_VERSION = 4.2;
				TARGETED_DEVICE_FAMILY = "1,2";
			};
			name = Debug;
		};
		C2CA5124217B451100184EF4 /* Release */ = {
			isa = XCBuildConfiguration;
			buildSettings = {
				ASSETCATALOG_COMPILER_APPICON_NAME = AppIcon;
				CODE_SIGN_STYLE = Automatic;
				DEVELOPMENT_TEAM = 94M3Z6LE6G;
				INFOPLIST_FILE = Triggers/Info.plist;
				LD_RUNPATH_SEARCH_PATHS = (
					"$(inherited)",
					"@executable_path/Frameworks",
				);
				PRODUCT_BUNDLE_IDENTIFIER = "com.spencers-dm.Triggers";
				PRODUCT_NAME = "$(TARGET_NAME)";
				SWIFT_VERSION = 4.2;
				TARGETED_DEVICE_FAMILY = "1,2";
			};
			name = Release;
		};
/* End XCBuildConfiguration section */

/* Begin XCConfigurationList section */
		C2CA5109217B450F00184EF4 /* Build configuration list for PBXProject "Triggers" */ = {
			isa = XCConfigurationList;
			buildConfigurations = (
				C2CA5120217B451100184EF4 /* Debug */,
				C2CA5121217B451100184EF4 /* Release */,
			);
			defaultConfigurationIsVisible = 0;
			defaultConfigurationName = Release;
		};
		C2CA5122217B451100184EF4 /* Build configuration list for PBXNativeTarget "Triggers" */ = {
			isa = XCConfigurationList;
			buildConfigurations = (
				C2CA5123217B451100184EF4 /* Debug */,
				C2CA5124217B451100184EF4 /* Release */,
			);
			defaultConfigurationIsVisible = 0;
			defaultConfigurationName = Release;
		};
/* End XCConfigurationList section */
	};
	rootObject = C2CA5106217B450F00184EF4 /* Project object */;
}
